schema_version = 1
box_name = "aether"
account_name = "_runbox_1063854b"
runbox_version = "0.1.0"
created_at = "1787854454"
locked_at = "1788827083"
lifecycle = "Persistent"
interactive = true
config_hash = "9c5bca634c9bea81dd58b0ba99c5e1d6d15f078d29fa8d216b823ff91846cb94"
setup_assets_hash = "e3b0c44298fc1c149afbf4c8996fb92427ae41e4649b934ca495991b7852b855"
